
Microsoft Visual Studio Solution File, Format Version 12.00
# Visual Studio Version 17
VisualStudioVersion = 17.0.32014.148
MinimumVisualStudioVersion = 10.0.40219.1
Project("{9A19103F-16F7-4668-BE54-9A1E7A4F7556}") = "SRTPluginProducerRE4R", "SRTPluginProviderRE4R\SRTPluginProducerRE4R.csproj", "{F60B024A-E3AD-47E8-9056-6A86B3732B95}"
EndProject
Project("{9A19103F-16F7-4668-BE54-9A1E7A4F7556}") = "SRTPluginBase", "..\..\SpeedRunTool\SRTPluginBase\src\SRTPluginBase\SRTPluginBase.csproj", "{83BDA2DB-4069-4BA2-B70E-C7E09DAEA393}"
EndProject
Global
	GlobalSection(SolutionConfigurationPlatforms) = preSolution
		Debug|Any CPU = Debug|Any CPU
		Debug|x64 = Debug|x64
		Release|Any CPU = Release|Any CPU
		Release|x64 = Release|x64
	EndGlobalSection
	GlobalSection(ProjectConfigurationPlatforms) = postSolution
		{F60B024A-E3AD-47E8-9056-6A86B3732B95}.Debug|Any CPU.ActiveCfg = Debug|x64
		{F60B024A-E3AD-47E8-9056-6A86B3732B95}.Debug|Any CPU.Build.0 = Debug|x64
		{F60B024A-E3AD-47E8-9056-6A86B3732B95}.Debug|x64.ActiveCfg = Debug|x64
		{F60B024A-E3AD-47E8-9056-6A86B3732B95}.Debug|x64.Build.0 = Debug|x64
		{F60B024A-E3AD-47E8-9056-6A86B3732B95}.Release|Any CPU.ActiveCfg = Release|x64
		{F60B024A-E3AD-47E8-9056-6A86B3732B95}.Release|Any CPU.Build.0 = Release|x64
		{F60B024A-E3AD-47E8-9056-6A86B3732B95}.Release|x64.ActiveCfg = Release|x64
		{F60B024A-E3AD-47E8-9056-6A86B3732B95}.Release|x64.Build.0 = Release|x64
		{83BDA2DB-4069-4BA2-B70E-C7E09DAEA393}.Debug|Any CPU.ActiveCfg = Debug|Any CPU
		{83BDA2DB-4069-4BA2-B70E-C7E09DAEA393}.Debug|Any CPU.Build.0 = Debug|Any CPU
		{83BDA2DB-4069-4BA2-B70E-C7E09DAEA393}.Debug|x64.ActiveCfg = Debug|Any CPU
		{83BDA2DB-4069-4BA2-B70E-C7E09DAEA393}.Debug|x64.Build.0 = Debug|Any CPU
		{83BDA2DB-4069-4BA2-B70E-C7E09DAEA393}.Release|Any CPU.ActiveCfg = Release|Any CPU
		{83BDA2DB-4069-4BA2-B70E-C7E09DAEA393}.Release|Any CPU.Build.0 = Release|Any CPU
		{83BDA2DB-4069-4BA2-B70E-C7E09DAEA393}.Release|x64.ActiveCfg = Release|Any CPU
		{83BDA2DB-4069-4BA2-B70E-C7E09DAEA393}.Release|x64.Build.0 = Release|Any CPU
	EndGlobalSection
	GlobalSection(SolutionProperties) = preSolution
		HideSolutionNode = FALSE
	EndGlobalSection
	GlobalSection(ExtensibilityGlobals) = postSolution
		SolutionGuid = {3E2AA9F4-4BB6-4C80-B576-D7FFE7607897}
	EndGlobalSection
EndGlobal
